
Microsoft Visual Studio Solution File, Format Version 12.00
# Visual Studio Version 17
VisualStudioVersion = 17.1.32421.90
MinimumVisualStudioVersion = 10.0.40219.1
Project("{FAE04EC0-301F-11D3-BF4B-00C04F79EFBC}") = "Quan_Ly_Chuyen_Bay", "Quan_Ly_Chuyen_Bay\Quan_Ly_Chuyen_Bay.csproj", "{C6BC603F-A091-4A06-A520-FCEAFB07B23F}"
EndProject
Global
	GlobalSection(SolutionConfigurationPlatforms) = preSolution
		Debug|Any CPU = Debug|Any CPU
		Release|Any CPU = Release|Any CPU
	EndGlobalSection
	GlobalSection(ProjectConfigurationPlatforms) = postSolution
		{C6BC603F-A091-4A06-A520-FCEAFB07B23F}.Debug|Any CPU.ActiveCfg = Debug|Any CPU
		{C6BC603F-A091-4A06-A520-FCEAFB07B23F}.Debug|Any CPU.Build.0 = Debug|Any CPU
		{C6BC603F-A091-4A06-A520-FCEAFB07B23F}.Release|Any CPU.ActiveCfg = Release|Any CPU
		{C6BC603F-A091-4A06-A520-FCEAFB07B23F}.Release|Any CPU.Build.0 = Release|Any CPU
	EndGlobalSection
	GlobalSection(SolutionProperties) = preSolution
		HideSolutionNode = FALSE
	EndGlobalSection
	GlobalSection(ExtensibilityGlobals) = postSolution
		SolutionGuid = {68A25695-B2A8-4470-957D-8ED20C393074}
	EndGlobalSection
EndGlobal
